
Microsoft Visual Studio Solution File, Format Version 12.00
# Visual Studio Version 17
VisualStudioVersion = 17.5.002.0
MinimumVisualStudioVersion = 10.0.40219.1
Project("{9A19103F-16F7-4668-BE54-9A1E7A4F7556}") = "Calculadora", "Calculadora.csproj", "{0A3A599F-538C-42FB-87F9-82CDD7ED02BC}"
EndProject
Global
	GlobalSection(SolutionConfigurationPlatforms) = preSolution
		Debug|Any CPU = Debug|Any CPU
		Release|Any CPU = Release|Any CPU
	EndGlobalSection
	GlobalSection(ProjectConfigurationPlatforms) = postSolution
		{0A3A599F-538C-42FB-87F9-82CDD7ED02BC}.Debug|Any CPU.ActiveCfg = Debug|Any CPU
		{0A3A599F-538C-42FB-87F9-82CDD7ED02BC}.Debug|Any CPU.Build.0 = Debug|Any CPU
		{0A3A599F-538C-42FB-87F9-82CDD7ED02BC}.Release|Any CPU.ActiveCfg = Release|Any CPU
		{0A3A599F-538C-42FB-87F9-82CDD7ED02BC}.Release|Any CPU.Build.0 = Release|Any CPU
	EndGlobalSection
	GlobalSection(SolutionProperties) = preSolution
		HideSolutionNode = FALSE
	EndGlobalSection
	GlobalSection(ExtensibilityGlobals) = postSolution
		SolutionGuid = {EE9D702D-E838-4C49-BCFC-22BCAE14E08A}
	EndGlobalSection
EndGlobal
